
Microsoft Visual Studio Solution File, Format Version 12.00
# Visual Studio Version 17
VisualStudioVersion = 17.13.35825.156
MinimumVisualStudioVersion = 10.0.40219.1
Project("{FAE04EC0-301F-11D3-BF4B-00C04F79EFBC}") = "BlogNotes", "BlogNotes\BlogNotes.csproj", "{2B7F61F3-C93D-4CC4-BC75-445E1A83D3F4}"
EndProject
Project("{FAE04EC0-301F-11D3-BF4B-00C04F79EFBC}") = "TestBlogNotes", "TestBlogNotes\TestBlogNotes.csproj", "{9C52C5E4-AE9F-4149-B81B-719B1F2D081A}"
EndProject
Global
	GlobalSection(SolutionConfigurationPlatforms) = preSolution
		Debug|Any CPU = Debug|Any CPU
		Release|Any CPU = Release|Any CPU
	EndGlobalSection
	GlobalSection(ProjectConfigurationPlatforms) = postSolution
		{2B7F61F3-C93D-4CC4-BC75-445E1A83D3F4}.Debug|Any CPU.ActiveCfg = Debug|Any CPU
		{2B7F61F3-C93D-4CC4-BC75-445E1A83D3F4}.Debug|Any CPU.Build.0 = Debug|Any CPU
		{2B7F61F3-C93D-4CC4-BC75-445E1A83D3F4}.Release|Any CPU.ActiveCfg = Release|Any CPU
		{2B7F61F3-C93D-4CC4-BC75-445E1A83D3F4}.Release|Any CPU.Build.0 = Release|Any CPU
		{9C52C5E4-AE9F-4149-B81B-719B1F2D081A}.Debug|Any CPU.ActiveCfg = Debug|Any CPU
		{9C52C5E4-AE9F-4149-B81B-719B1F2D081A}.Debug|Any CPU.Build.0 = Debug|Any CPU
		{9C52C5E4-AE9F-4149-B81B-719B1F2D081A}.Release|Any CPU.ActiveCfg = Release|Any CPU
		{9C52C5E4-AE9F-4149-B81B-719B1F2D081A}.Release|Any CPU.Build.0 = Release|Any CPU
	EndGlobalSection
	GlobalSection(SolutionProperties) = preSolution
		HideSolutionNode = FALSE
	EndGlobalSection
	GlobalSection(ExtensibilityGlobals) = postSolution
		SolutionGuid = {2DD204C4-826B-4EC4-A8A4-584AFFD311E2}
	EndGlobalSection
EndGlobal
